
Microsoft Visual Studio Solution File, Format Version 12.00
Project("{FAE04EC0-301F-11D3-BF4B-00C04F79EFBC}") = "WindowLogger", "WindowLogger\WindowLogger.csproj", "{B33F7DFE-C8DB-4332-B890-DCC419A2ED12}"
EndProject
Project("{FAE04EC0-301F-11D3-BF4B-00C04F79EFBC}") = "WindowAnalyser", "WindowAnalyser\WindowAnalyser.csproj", "{F049A38C-30B5-431A-AA8A-6AD35951C8C4}"
EndProject
Global
	GlobalSection(SolutionConfigurationPlatforms) = preSolution
		Debug|Any CPU = Debug|Any CPU
		Release|Any CPU = Release|Any CPU
	EndGlobalSection
	GlobalSection(ProjectConfigurationPlatforms) = postSolution
		{B33F7DFE-C8DB-4332-B890-DCC419A2ED12}.Debug|Any CPU.ActiveCfg = Debug|Any CPU
		{B33F7DFE-C8DB-4332-B890-DCC419A2ED12}.Debug|Any CPU.Build.0 = Debug|Any CPU
		{B33F7DFE-C8DB-4332-B890-DCC419A2ED12}.Release|Any CPU.ActiveCfg = Release|Any CPU
		{B33F7DFE-C8DB-4332-B890-DCC419A2ED12}.Release|Any CPU.Build.0 = Release|Any CPU
		{F049A38C-30B5-431A-AA8A-6AD35951C8C4}.Debug|Any CPU.ActiveCfg = Debug|Any CPU
		{F049A38C-30B5-431A-AA8A-6AD35951C8C4}.Debug|Any CPU.Build.0 = Debug|Any CPU
		{F049A38C-30B5-431A-AA8A-6AD35951C8C4}.Release|Any CPU.ActiveCfg = Release|Any CPU
		{F049A38C-30B5-431A-AA8A-6AD35951C8C4}.Release|Any CPU.Build.0 = Release|Any CPU
	EndGlobalSection
EndGlobal
